
Microsoft Visual Studio Solution File, Format Version 12.00
# Visual Studio Version 16
VisualStudioVersion = 16.0.29806.167
MinimumVisualStudioVersion = 10.0.40219.1
Project("{2150E333-8FDC-42A3-9474-1A3956D46DE8}") = "Business Logic Layer", "Business Logic Layer", "{6C218263-6B3D-477C-B9FB-D492492AA202}"
EndProject
Project("{2150E333-8FDC-42A3-9474-1A3956D46DE8}") = "Data Access Layer", "Data Access Layer", "{46AA66A0-E2C9-4F5F-A96A-AF757BA97B5B}"
EndProject
Project("{2150E333-8FDC-42A3-9474-1A3956D46DE8}") = "Permackathon.IssuesManager", "Permackathon.IssuesManager", "{3045875D-643D-42EF-A497-50407D2A5B3D}"
EndProject
Project("{9A19103F-16F7-4668-BE54-9A1E7A4F7556}") = "Permackathon.Issues.BLL", "Permackathon.Issues.BLL\Permackathon.Issues.BLL.csproj", "{EAF697A3-F814-4AAB-890F-7A4A1A143F96}"
EndProject
Project("{9A19103F-16F7-4668-BE54-9A1E7A4F7556}") = "Permackathon.Issues.DAL", "Permackathon.Issues.DAL\Permackathon.Issues.DAL.csproj", "{29EA3AA1-758B-4B4E-B1F0-299289CA9E05}"
EndProject
Project("{9A19103F-16F7-4668-BE54-9A1E7A4F7556}") = "Permackathon.Common", "Permackathon.Common\Permackathon.Common.csproj", "{B055B4C4-F2F4-4678-84FC-D8FD3EC40F46}"
EndProject
Project("{2150E333-8FDC-42A3-9474-1A3956D46DE8}") = "Permackathon.Common", "Permackathon.Common", "{78084D4E-8F73-491F-BA39-E3C85C140C6C}"
EndProject
Project("{2150E333-8FDC-42A3-9474-1A3956D46DE8}") = "Permackathon.RestAPI", "Permackathon.RestAPI", "{5EE26ADC-1F76-410A-8268-A0F6B14ECCC5}"
EndProject
Project("{9A19103F-16F7-4668-BE54-9A1E7A4F7556}") = "Permackathon.API", "Permackathon.RestAPI\Permackathon.API.csproj", "{63EA82B5-069C-4890-9479-1FDC1A5E9E1A}"
EndProject
Project("{2150E333-8FDC-42A3-9474-1A3956D46DE8}") = "Permackathon.Services", "Permackathon.Services", "{9833B016-1D2F-4327-880F-7D4531975E2E}"
EndProject
Project("{2150E333-8FDC-42A3-9474-1A3956D46DE8}") = "Permackathon.CustomersManager", "Permackathon.CustomersManager", "{12BA223D-0DA8-4DCD-A212-A8DF1AD23B66}"
EndProject
Project("{2150E333-8FDC-42A3-9474-1A3956D46DE8}") = "Business Logic Layer", "Business Logic Layer", "{7C1EC72E-C0E9-486F-ADC1-EB801D5B0455}"
EndProject
Project("{2150E333-8FDC-42A3-9474-1A3956D46DE8}") = "Data Access Layer", "Data Access Layer", "{F89341EB-6608-4B25-846F-2F9BA3633968}"
EndProject
Project("{9A19103F-16F7-4668-BE54-9A1E7A4F7556}") = "Permackathon.Customer.BLL", "Permackathon.Customer.BLL\Permackathon.Customer.BLL.csproj", "{EC9133C8-A3DA-4761-9670-E2E4A6B393D5}"
EndProject
Project("{9A19103F-16F7-4668-BE54-9A1E7A4F7556}") = "Permackathon.Customer.DAL", "Permackathon.Customer.DAL\Permackathon.Customer.DAL.csproj", "{E43F61AA-2D94-417E-8E79-A4A98577A15C}"
EndProject
Project("{2150E333-8FDC-42A3-9474-1A3956D46DE8}") = "Permackathon.FinancialManager", "Permackathon.FinancialManager", "{13684554-777E-4871-B072-BE51F6391CA3}"
EndProject
Project("{2150E333-8FDC-42A3-9474-1A3956D46DE8}") = "Business Logic Layer", "Business Logic Layer", "{88935856-E3AA-4932-8047-75BB7F4D6348}"
EndProject
Project("{2150E333-8FDC-42A3-9474-1A3956D46DE8}") = "Data Access Layer", "Data Access Layer", "{15BED250-B477-422B-9340-D970DA257BF0}"
EndProject
Project("{9A19103F-16F7-4668-BE54-9A1E7A4F7556}") = "Permackathon.Financial.BLL", "Permackathon.Financial.BLL\Permackathon.Financial.BLL.csproj", "{CCAB7172-C26D-4ED2-A842-A2E356857CD5}"
EndProject
Project("{9A19103F-16F7-4668-BE54-9A1E7A4F7556}") = "Permackathon.Financial.DAL", "Permackathon.Financial.DAL\Permackathon.Financial.DAL.csproj", "{A088CEFD-AC95-4824-9FC9-DAA24AE194F0}"
EndProject
Global
	GlobalSection(SolutionConfigurationPlatforms) = preSolution
		Debug|Any CPU = Debug|Any CPU
		Release|Any CPU = Release|Any CPU
	EndGlobalSection
	GlobalSection(ProjectConfigurationPlatforms) = postSolution
		{EAF697A3-F814-4AAB-890F-7A4A1A143F96}.Debug|Any CPU.ActiveCfg = Debug|Any CPU
		{EAF697A3-F814-4AAB-890F-7A4A1A143F96}.Debug|Any CPU.Build.0 = Debug|Any CPU
		{EAF697A3-F814-4AAB-890F-7A4A1A143F96}.Release|Any CPU.ActiveCfg = Release|Any CPU
		{EAF697A3-F814-4AAB-890F-7A4A1A143F96}.Release|Any CPU.Build.0 = Release|Any CPU
		{29EA3AA1-758B-4B4E-B1F0-299289CA9E05}.Debug|Any CPU.ActiveCfg = Debug|Any CPU
		{29EA3AA1-758B-4B4E-B1F0-299289CA9E05}.Debug|Any CPU.Build.0 = Debug|Any CPU
		{29EA3AA1-758B-4B4E-B1F0-299289CA9E05}.Release|Any CPU.ActiveCfg = Release|Any CPU
		{29EA3AA1-758B-4B4E-B1F0-299289CA9E05}.Release|Any CPU.Build.0 = Release|Any CPU
		{B055B4C4-F2F4-4678-84FC-D8FD3EC40F46}.Debug|Any CPU.ActiveCfg = Debug|Any CPU
		{B055B4C4-F2F4-4678-84FC-D8FD3EC40F46}.Debug|Any CPU.Build.0 = Debug|Any CPU
		{B055B4C4-F2F4-4678-84FC-D8FD3EC40F46}.Release|Any CPU.ActiveCfg = Release|Any CPU
		{B055B4C4-F2F4-4678-84FC-D8FD3EC40F46}.Release|Any CPU.Build.0 = Release|Any CPU
		{63EA82B5-069C-4890-9479-1FDC1A5E9E1A}.Debug|Any CPU.ActiveCfg = Debug|Any CPU
		{63EA82B5-069C-4890-9479-1FDC1A5E9E1A}.Debug|Any CPU.Build.0 = Debug|Any CPU
		{63EA82B5-069C-4890-9479-1FDC1A5E9E1A}.Release|Any CPU.ActiveCfg = Release|Any CPU
		{63EA82B5-069C-4890-9479-1FDC1A5E9E1A}.Release|Any CPU.Build.0 = Release|Any CPU
		{EC9133C8-A3DA-4761-9670-E2E4A6B393D5}.Debug|Any CPU.ActiveCfg = Debug|Any CPU
		{EC9133C8-A3DA-4761-9670-E2E4A6B393D5}.Debug|Any CPU.Build.0 = Debug|Any CPU
		{EC9133C8-A3DA-4761-9670-E2E4A6B393D5}.Release|Any CPU.ActiveCfg = Release|Any CPU
		{EC9133C8-A3DA-4761-9670-E2E4A6B393D5}.Release|Any CPU.Build.0 = Release|Any CPU
		{E43F61AA-2D94-417E-8E79-A4A98577A15C}.Debug|Any CPU.ActiveCfg = Debug|Any CPU
		{E43F61AA-2D94-417E-8E79-A4A98577A15C}.Debug|Any CPU.Build.0 = Debug|Any CPU
		{E43F61AA-2D94-417E-8E79-A4A98577A15C}.Release|Any CPU.ActiveCfg = Release|Any CPU
		{E43F61AA-2D94-417E-8E79-A4A98577A15C}.Release|Any CPU.Build.0 = Release|Any CPU
		{CCAB7172-C26D-4ED2-A842-A2E356857CD5}.Debug|Any CPU.ActiveCfg = Debug|Any CPU
		{CCAB7172-C26D-4ED2-A842-A2E356857CD5}.Debug|Any CPU.Build.0 = Debug|Any CPU
		{CCAB7172-C26D-4ED2-A842-A2E356857CD5}.Release|Any CPU.ActiveCfg = Release|Any CPU
		{CCAB7172-C26D-4ED2-A842-A2E356857CD5}.Release|Any CPU.Build.0 = Release|Any CPU
		{A088CEFD-AC95-4824-9FC9-DAA24AE194F0}.Debug|Any CPU.ActiveCfg = Debug|Any CPU
		{A088CEFD-AC95-4824-9FC9-DAA24AE194F0}.Debug|Any CPU.Build.0 = Debug|Any CPU
		{A088CEFD-AC95-4824-9FC9-DAA24AE194F0}.Release|Any CPU.ActiveCfg = Release|Any CPU
		{A088CEFD-AC95-4824-9FC9-DAA24AE194F0}.Release|Any CPU.Build.0 = Release|Any CPU
	EndGlobalSection
	GlobalSection(SolutionProperties) = preSolution
		HideSolutionNode = FALSE
	EndGlobalSection
	GlobalSection(NestedProjects) = preSolution
		{6C218263-6B3D-477C-B9FB-D492492AA202} = {3045875D-643D-42EF-A497-50407D2A5B3D}
		{46AA66A0-E2C9-4F5F-A96A-AF757BA97B5B} = {3045875D-643D-42EF-A497-50407D2A5B3D}
		{3045875D-643D-42EF-A497-50407D2A5B3D} = {9833B016-1D2F-4327-880F-7D4531975E2E}
		{EAF697A3-F814-4AAB-890F-7A4A1A143F96} = {6C218263-6B3D-477C-B9FB-D492492AA202}
		{29EA3AA1-758B-4B4E-B1F0-299289CA9E05} = {46AA66A0-E2C9-4F5F-A96A-AF757BA97B5B}
		{B055B4C4-F2F4-4678-84FC-D8FD3EC40F46} = {78084D4E-8F73-491F-BA39-E3C85C140C6C}
		{63EA82B5-069C-4890-9479-1FDC1A5E9E1A} = {5EE26ADC-1F76-410A-8268-A0F6B14ECCC5}
		{12BA223D-0DA8-4DCD-A212-A8DF1AD23B66} = {9833B016-1D2F-4327-880F-7D4531975E2E}
		{7C1EC72E-C0E9-486F-ADC1-EB801D5B0455} = {12BA223D-0DA8-4DCD-A212-A8DF1AD23B66}
		{F89341EB-6608-4B25-846F-2F9BA3633968} = {12BA223D-0DA8-4DCD-A212-A8DF1AD23B66}
		{EC9133C8-A3DA-4761-9670-E2E4A6B393D5} = {7C1EC72E-C0E9-486F-ADC1-EB801D5B0455}
		{E43F61AA-2D94-417E-8E79-A4A98577A15C} = {F89341EB-6608-4B25-846F-2F9BA3633968}
		{13684554-777E-4871-B072-BE51F6391CA3} = {9833B016-1D2F-4327-880F-7D4531975E2E}
		{88935856-E3AA-4932-8047-75BB7F4D6348} = {13684554-777E-4871-B072-BE51F6391CA3}
		{15BED250-B477-422B-9340-D970DA257BF0} = {13684554-777E-4871-B072-BE51F6391CA3}
		{CCAB7172-C26D-4ED2-A842-A2E356857CD5} = {88935856-E3AA-4932-8047-75BB7F4D6348}
		{A088CEFD-AC95-4824-9FC9-DAA24AE194F0} = {15BED250-B477-422B-9340-D970DA257BF0}
	EndGlobalSection
	GlobalSection(ExtensibilityGlobals) = postSolution
		SolutionGuid = {39208B93-6C7E-4093-8C8E-2C75627AB957}
	EndGlobalSection
EndGlobal
